
Microsoft Visual Studio Solution File, Format Version 12.00
# Visual Studio Version 16
VisualStudioVersion = 16.0.30717.126
MinimumVisualStudioVersion = 10.0.40219.1
Project("{FAE04EC0-301F-11D3-BF4B-00C04F79EFBC}") = "PicturePicker.Android", "PicturePicker\PicturePicker.Android\PicturePicker.Android.csproj", "{63166087-4372-402A-87D6-ADA5F5971F94}"
EndProject
Project("{FAE04EC0-301F-11D3-BF4B-00C04F79EFBC}") = "PicturePicker", "PicturePicker\PicturePicker\PicturePicker.csproj", "{3BEF02B4-7065-4B7E-B043-AA451F191D55}"
EndProject
Global
	GlobalSection(SolutionConfigurationPlatforms) = preSolution
		Debug|Any CPU = Debug|Any CPU
		Release|Any CPU = Release|Any CPU
	EndGlobalSection
	GlobalSection(ProjectConfigurationPlatforms) = postSolution
		{63166087-4372-402A-87D6-ADA5F5971F94}.Debug|Any CPU.ActiveCfg = Debug|Any CPU
		{63166087-4372-402A-87D6-ADA5F5971F94}.Debug|Any CPU.Build.0 = Debug|Any CPU
		{63166087-4372-402A-87D6-ADA5F5971F94}.Debug|Any CPU.Deploy.0 = Debug|Any CPU
		{63166087-4372-402A-87D6-ADA5F5971F94}.Release|Any CPU.ActiveCfg = Release|Any CPU
		{63166087-4372-402A-87D6-ADA5F5971F94}.Release|Any CPU.Build.0 = Release|Any CPU
		{63166087-4372-402A-87D6-ADA5F5971F94}.Release|Any CPU.Deploy.0 = Release|Any CPU
		{3BEF02B4-7065-4B7E-B043-AA451F191D55}.Debug|Any CPU.ActiveCfg = Debug|Any CPU
		{3BEF02B4-7065-4B7E-B043-AA451F191D55}.Debug|Any CPU.Build.0 = Debug|Any CPU
		{3BEF02B4-7065-4B7E-B043-AA451F191D55}.Debug|Any CPU.Deploy.0 = Debug|Any CPU
		{3BEF02B4-7065-4B7E-B043-AA451F191D55}.Release|Any CPU.ActiveCfg = Release|Any CPU
		{3BEF02B4-7065-4B7E-B043-AA451F191D55}.Release|Any CPU.Build.0 = Release|Any CPU
		{3BEF02B4-7065-4B7E-B043-AA451F191D55}.Release|Any CPU.Deploy.0 = Release|Any CPU
	EndGlobalSection
	GlobalSection(SolutionProperties) = preSolution
		HideSolutionNode = FALSE
	EndGlobalSection
	GlobalSection(ExtensibilityGlobals) = postSolution
		SolutionGuid = {A1EF41FD-BD4A-4A44-B2FB-E0654BCEB59A}
	EndGlobalSection
EndGlobal
